
Microsoft Visual Studio Solution File, Format Version 12.00
# Visual Studio Version 17
VisualStudioVersion = 17.7.34202.233
MinimumVisualStudioVersion = 10.0.40219.1
Project("{FAE04EC0-301F-11D3-BF4B-00C04F79EFBC}") = "ConsoleApp1", "ConsoleApp1\ConsoleApp1.csproj", "{CB120E63-8194-4D9F-B648-DD476DB6F478}"
EndProject
Global
	GlobalSection(SolutionConfigurationPlatforms) = preSolution
		Debug|Any CPU = Debug|Any CPU
		Release|Any CPU = Release|Any CPU
	EndGlobalSection
	GlobalSection(ProjectConfigurationPlatforms) = postSolution
		{CB120E63-8194-4D9F-B648-DD476DB6F478}.Debug|Any CPU.ActiveCfg = Debug|Any CPU
		{CB120E63-8194-4D9F-B648-DD476DB6F478}.Debug|Any CPU.Build.0 = Debug|Any CPU
		{CB120E63-8194-4D9F-B648-DD476DB6F478}.Release|Any CPU.ActiveCfg = Release|Any CPU
		{CB120E63-8194-4D9F-B648-DD476DB6F478}.Release|Any CPU.Build.0 = Release|Any CPU
	EndGlobalSection
	GlobalSection(SolutionProperties) = preSolution
		HideSolutionNode = FALSE
	EndGlobalSection
	GlobalSection(ExtensibilityGlobals) = postSolution
		SolutionGuid = {183BA3B0-5308-439A-B42A-EAECDBE9BFF3}
	EndGlobalSection
EndGlobal
